
Microsoft Visual Studio Solution File, Format Version 12.00
# Visual Studio Version 17
VisualStudioVersion = 17.3.32929.385
MinimumVisualStudioVersion = 10.0.40219.1
Project("{FAE04EC0-301F-11D3-BF4B-00C04F79EFBC}") = "ClockwiseComparer", "ClockwiseComparer\ClockwiseComparer.csproj", "{CAE6B5B7-CF23-4564-B14D-AD6DD7B6764A}"
EndProject
Global
	GlobalSection(SolutionConfigurationPlatforms) = preSolution
		Debug|Any CPU = Debug|Any CPU
		Release|Any CPU = Release|Any CPU
	EndGlobalSection
	GlobalSection(ProjectConfigurationPlatforms) = postSolution
		{CAE6B5B7-CF23-4564-B14D-AD6DD7B6764A}.Debug|Any CPU.ActiveCfg = Debug|Any CPU
		{CAE6B5B7-CF23-4564-B14D-AD6DD7B6764A}.Debug|Any CPU.Build.0 = Debug|Any CPU
		{CAE6B5B7-CF23-4564-B14D-AD6DD7B6764A}.Release|Any CPU.ActiveCfg = Release|Any CPU
		{CAE6B5B7-CF23-4564-B14D-AD6DD7B6764A}.Release|Any CPU.Build.0 = Release|Any CPU
	EndGlobalSection
	GlobalSection(SolutionProperties) = preSolution
		HideSolutionNode = FALSE
	EndGlobalSection
	GlobalSection(ExtensibilityGlobals) = postSolution
		SolutionGuid = {BFDE7446-E6C7-466F-ADDC-484C08666179}
	EndGlobalSection
EndGlobal
